
Microsoft Visual Studio Solution File, Format Version 12.00
# Visual Studio Version 16
VisualStudioVersion = 16.0.31313.79
MinimumVisualStudioVersion = 10.0.40219.1
Project("{9A19103F-16F7-4668-BE54-9A1E7A4F7556}") = "TrackZero.NetStandard", "NetStandard\TrackZero.NetStandard.csproj", "{31AB2F84-EF61-4893-9A69-9C66E5CBB15C}"
EndProject
Project("{FAE04EC0-301F-11D3-BF4B-00C04F79EFBC}") = "Example1", "Example1\Example1.csproj", "{A056F510-EE7F-4690-A57D-39EEBD9DB349}"
EndProject
Global
	GlobalSection(SolutionConfigurationPlatforms) = preSolution
		Debug|Any CPU = Debug|Any CPU
		Release|Any CPU = Release|Any CPU
	EndGlobalSection
	GlobalSection(ProjectConfigurationPlatforms) = postSolution
		{31AB2F84-EF61-4893-9A69-9C66E5CBB15C}.Debug|Any CPU.ActiveCfg = Debug|Any CPU
		{31AB2F84-EF61-4893-9A69-9C66E5CBB15C}.Debug|Any CPU.Build.0 = Debug|Any CPU
		{31AB2F84-EF61-4893-9A69-9C66E5CBB15C}.Release|Any CPU.ActiveCfg = Release|Any CPU
		{31AB2F84-EF61-4893-9A69-9C66E5CBB15C}.Release|Any CPU.Build.0 = Release|Any CPU
		{A056F510-EE7F-4690-A57D-39EEBD9DB349}.Debug|Any CPU.ActiveCfg = Debug|Any CPU
		{A056F510-EE7F-4690-A57D-39EEBD9DB349}.Debug|Any CPU.Build.0 = Debug|Any CPU
		{A056F510-EE7F-4690-A57D-39EEBD9DB349}.Release|Any CPU.ActiveCfg = Release|Any CPU
		{A056F510-EE7F-4690-A57D-39EEBD9DB349}.Release|Any CPU.Build.0 = Release|Any CPU
	EndGlobalSection
	GlobalSection(SolutionProperties) = preSolution
		HideSolutionNode = FALSE
	EndGlobalSection
	GlobalSection(ExtensibilityGlobals) = postSolution
		SolutionGuid = {569664E3-1C0E-4C16-B342-6E8976654ABC}
	EndGlobalSection
EndGlobal
